
Microsoft Visual Studio Solution File, Format Version 12.00
# Visual Studio Version 17
VisualStudioVersion = 17.8.34309.116
MinimumVisualStudioVersion = 10.0.40219.1
Project("{9A19103F-16F7-4668-BE54-9A1E7A4F7556}") = "LabWork6", "LabWork6\LabWork6.csproj", "{58183FF9-7C1C-4A14-AFEC-BBD248E41AF8}"
EndProject
Project("{9A19103F-16F7-4668-BE54-9A1E7A4F7556}") = "Task3", "Task3\Task3.csproj", "{83656DA6-EFB9-4260-B579-2D74D80B595F}"
EndProject
Global
	GlobalSection(SolutionConfigurationPlatforms) = preSolution
		Debug|Any CPU = Debug|Any CPU
		Release|Any CPU = Release|Any CPU
	EndGlobalSection
	GlobalSection(ProjectConfigurationPlatforms) = postSolution
		{58183FF9-7C1C-4A14-AFEC-BBD248E41AF8}.Debug|Any CPU.ActiveCfg = Debug|Any CPU
		{58183FF9-7C1C-4A14-AFEC-BBD248E41AF8}.Debug|Any CPU.Build.0 = Debug|Any CPU
		{58183FF9-7C1C-4A14-AFEC-BBD248E41AF8}.Release|Any CPU.ActiveCfg = Release|Any CPU
		{58183FF9-7C1C-4A14-AFEC-BBD248E41AF8}.Release|Any CPU.Build.0 = Release|Any CPU
		{83656DA6-EFB9-4260-B579-2D74D80B595F}.Debug|Any CPU.ActiveCfg = Debug|Any CPU
		{83656DA6-EFB9-4260-B579-2D74D80B595F}.Debug|Any CPU.Build.0 = Debug|Any CPU
		{83656DA6-EFB9-4260-B579-2D74D80B595F}.Release|Any CPU.ActiveCfg = Release|Any CPU
		{83656DA6-EFB9-4260-B579-2D74D80B595F}.Release|Any CPU.Build.0 = Release|Any CPU
	EndGlobalSection
	GlobalSection(SolutionProperties) = preSolution
		HideSolutionNode = FALSE
	EndGlobalSection
	GlobalSection(ExtensibilityGlobals) = postSolution
		SolutionGuid = {9646DEEB-0DDE-4808-8264-981FD456A837}
	EndGlobalSection
EndGlobal
